// !$*UTF8*$!
{
	archiveVersion = 1;
	classes = {
	};
	objectVersion = 50;
	objects = {

/* Begin PBXBuildFile section */
		292682EB2657B0F2007665B8 /* AppDelegate.swift in Sources */ = {isa = PBXBuildFile; fileRef = 292682EA2657B0F2007665B8 /* AppDelegate.swift */; };
		292682ED2657B0F2007665B8 /* SceneDelegate.swift in Sources */ = {isa = PBXBuildFile; fileRef = 292682EC2657B0F2007665B8 /* SceneDelegate.swift */; };
		292682F42657B0F3007665B8 /* Assets.xcassets in Resources */ = {isa = PBXBuildFile; fileRef = 292682F32657B0F3007665B8 /* Assets.xcassets */; };
		292682F72657B0F3007665B8 /* LaunchScreen.storyboard in Resources */ = {isa = PBXBuildFile; fileRef = 292682F52657B0F3007665B8 /* LaunchScreen.storyboard */; };
		292682FF2657B34E007665B8 /* HomeController.swift in Sources */ = {isa = PBXBuildFile; fileRef = 292682FE2657B34E007665B8 /* HomeController.swift */; };
		29C528F42657BD63002F1FBB /* UserCard.swift in Sources */ = {isa = PBXBuildFile; fileRef = 29C528F32657BD63002F1FBB /* UserCard.swift */; };
		29C528F72657CB71002F1FBB /* User.swift in Sources */ = {isa = PBXBuildFile; fileRef = 29C528F62657CB71002F1FBB /* User.swift */; };
		29C528F92657D2EE002F1FBB /* Helper.swift in Sources */ = {isa = PBXBuildFile; fileRef = 29C528F82657D2EE002F1FBB /* Helper.swift */; };
		29C528FB2657D379002F1FBB /* LoadingScreen.swift in Sources */ = {isa = PBXBuildFile; fileRef = 29C528FA2657D379002F1FBB /* LoadingScreen.swift */; };
		29C528FD2657D406002F1FBB /* ModalStatus.swift in Sources */ = {isa = PBXBuildFile; fileRef = 29C528FC2657D406002F1FBB /* ModalStatus.swift */; };
		29D69A90265943E6003AB930 /* UserDetailsController.swift in Sources */ = {isa = PBXBuildFile; fileRef = 29D69A8F265943E6003AB930 /* UserDetailsController.swift */; };
		29D69A92265944A4003AB930 /* InfoContainer.swift in Sources */ = {isa = PBXBuildFile; fileRef = 29D69A91265944A4003AB930 /* InfoContainer.swift */; };
		29D69A94265959A7003AB930 /* ImageCache.swift in Sources */ = {isa = PBXBuildFile; fileRef = 29D69A93265959A7003AB930 /* ImageCache.swift */; };
/* End PBXBuildFile section */

/* Begin PBXFileReference section */
		292682E72657B0F2007665B8 /* FriendsApp.app */ = {isa = PBXFileReference; explicitFileType = wrapper.application; includeInIndex = 0; path = FriendsApp.app; sourceTree = BUILT_PRODUCTS_DIR; };
		292682EA2657B0F2007665B8 /* AppDelegate.swift */ = {isa = PBXFileReference; lastKnownFileType = sourcecode.swift; path = AppDelegate.swift; sourceTree = "<group>"; };
		292682EC2657B0F2007665B8 /* SceneDelegate.swift */ = {isa = PBXFileReference; lastKnownFileType = sourcecode.swift; path = SceneDelegate.swift; sourceTree = "<group>"; };
		292682F32657B0F3007665B8 /* Assets.xcassets */ = {isa = PBXFileReference; lastKnownFileType = folder.assetcatalog; path = Assets.xcassets; sourceTree = "<group>"; };
		292682F62657B0F3007665B8 /* Base */ = {isa = PBXFileReference; lastKnownFileType = file.storyboard; name = Base; path = Base.lproj/LaunchScreen.storyboard; sourceTree = "<group>"; };
		292682F82657B0F3007665B8 /* Info.plist */ = {isa = PBXFileReference; lastKnownFileType = text.plist.xml; path = Info.plist; sourceTree = "<group>"; };
		292682FE2657B34E007665B8 /* HomeController.swift */ = {isa = PBXFileReference; lastKnownFileType = sourcecode.swift; path = HomeController.swift; sourceTree = "<group>"; };
		29C528F32657BD63002F1FBB /* UserCard.swift */ = {isa = PBXFileReference; lastKnownFileType = sourcecode.swift; path = UserCard.swift; sourceTree = "<group>"; };
		29C528F62657CB71002F1FBB /* User.swift */ = {isa = PBXFileReference; lastKnownFileType = sourcecode.swift; path = User.swift; sourceTree = "<group>"; };
		29C528F82657D2EE002F1FBB /* Helper.swift */ = {isa = PBXFileReference; lastKnownFileType = sourcecode.swift; path = Helper.swift; sourceTree = "<group>"; };
		29C528FA2657D379002F1FBB /* LoadingScreen.swift */ = {isa = PBXFileReference; lastKnownFileType = sourcecode.swift; path = LoadingScreen.swift; sourceTree = "<group>"; };
		29C528FC2657D406002F1FBB /* ModalStatus.swift */ = {isa = PBXFileReference; lastKnownFileType = sourcecode.swift; path = ModalStatus.swift; sourceTree = "<group>"; };
		29D69A8F265943E6003AB930 /* UserDetailsController.swift */ = {isa = PBXFileReference; lastKnownFileType = sourcecode.swift; path = UserDetailsController.swift; sourceTree = "<group>"; };
		29D69A91265944A4003AB930 /* InfoContainer.swift */ = {isa = PBXFileReference; lastKnownFileType = sourcecode.swift; path = InfoContainer.swift; sourceTree = "<group>"; };
		29D69A93265959A7003AB930 /* ImageCache.swift */ = {isa = PBXFileReference; lastKnownFileType = sourcecode.swift; path = ImageCache.swift; sourceTree = "<group>"; };
/* End PBXFileReference section */

/* Begin PBXFrameworksBuildPhase section */
		292682E42657B0F2007665B8 /* Frameworks */ = {
			isa = PBXFrameworksBuildPhase;
			buildActionMask = 2147483647;
			files = (
			);
			runOnlyForDeploymentPostprocessing = 0;
		};
/* End PBXFrameworksBuildPhase section */

/* Begin PBXGroup section */
		292682DE2657B0F2007665B8 = {
			isa = PBXGroup;
			children = (
				292682E92657B0F2007665B8 /* FriendsApp */,
				292682E82657B0F2007665B8 /* Products */,
			);
			sourceTree = "<group>";
		};
		292682E82657B0F2007665B8 /* Products */ = {
			isa = PBXGroup;
			children = (
				292682E72657B0F2007665B8 /* FriendsApp.app */,
			);
			name = Products;
			sourceTree = "<group>";
		};
		292682E92657B0F2007665B8 /* FriendsApp */ = {
			isa = PBXGroup;
			children = (
				292682EA2657B0F2007665B8 /* AppDelegate.swift */,
				292682EC2657B0F2007665B8 /* SceneDelegate.swift */,
				29C528F82657D2EE002F1FBB /* Helper.swift */,
				29D69A93265959A7003AB930 /* ImageCache.swift */,
				29C528FA2657D379002F1FBB /* LoadingScreen.swift */,
				29C528FC2657D406002F1FBB /* ModalStatus.swift */,
				29C528F52657CB66002F1FBB /* Models */,
				29C528F22657BD08002F1FBB /* Users Grid */,
				29D69A8E265943CA003AB930 /* User Details */,
				292682F32657B0F3007665B8 /* Assets.xcassets */,
				292682F52657B0F3007665B8 /* LaunchScreen.storyboard */,
				292682F82657B0F3007665B8 /* Info.plist */,
			);
			path = FriendsApp;
			sourceTree = "<group>";
		};
		29C528F22657BD08002F1FBB /* Users Grid */ = {
			isa = PBXGroup;
			children = (
				292682FE2657B34E007665B8 /* HomeController.swift */,
				29C528F32657BD63002F1FBB /* UserCard.swift */,
			);
			path = "Users Grid";
			sourceTree = "<group>";
		};
		29C528F52657CB66002F1FBB /* Models */ = {
			isa = PBXGroup;
			children = (
				29C528F62657CB71002F1FBB /* User.swift */,
			);
			path = Models;
			sourceTree = "<group>";
		};
		29D69A8E265943CA003AB930 /* User Details */ = {
			isa = PBXGroup;
			children = (
				29D69A8F265943E6003AB930 /* UserDetailsController.swift */,
				29D69A91265944A4003AB930 /* InfoContainer.swift */,
			);
			path = "User Details";
			sourceTree = "<group>";
		};
/* End PBXGroup section */

/* Begin PBXNativeTarget section */
		292682E62657B0F2007665B8 /* FriendsApp */ = {
			isa = PBXNativeTarget;
			buildConfigurationList = 292682FB2657B0F3007665B8 /* Build configuration list for PBXNativeTarget "FriendsApp" */;
			buildPhases = (
				292682E32657B0F2007665B8 /* Sources */,
				292682E42657B0F2007665B8 /* Frameworks */,
				292682E52657B0F2007665B8 /* Resources */,
			);
			buildRules = (
			);
			dependencies = (
			);
			name = FriendsApp;
			productName = FriendsApp;
			productReference = 292682E72657B0F2007665B8 /* FriendsApp.app */;
			productType = "com.apple.product-type.application";
		};
/* End PBXNativeTarget section */

/* Begin PBXProject section */
		292682DF2657B0F2007665B8 /* Project object */ = {
			isa = PBXProject;
			attributes = {
				LastSwiftUpdateCheck = 1250;
				LastUpgradeCheck = 1250;
				TargetAttributes = {
					292682E62657B0F2007665B8 = {
						CreatedOnToolsVersion = 12.5;
					};
				};
			};
			buildConfigurationList = 292682E22657B0F2007665B8 /* Build configuration list for PBXProject "FriendsApp" */;
			compatibilityVersion = "Xcode 9.3";
			developmentRegion = en;
			hasScannedForEncodings = 0;
			knownRegions = (
				en,
				Base,
			);
			mainGroup = 292682DE2657B0F2007665B8;
			productRefGroup = 292682E82657B0F2007665B8 /* Products */;
			projectDirPath = "";
			projectRoot = "";
			targets = (
				292682E62657B0F2007665B8 /* FriendsApp */,
			);
		};
/* End PBXProject section */

/* Begin PBXResourcesBuildPhase section */
		292682E52657B0F2007665B8 /* Resources */ = {
			isa = PBXResourcesBuildPhase;
			buildActionMask = 2147483647;
			files = (
				292682F72657B0F3007665B8 /* LaunchScreen.storyboard in Resources */,
				292682F42657B0F3007665B8 /* Assets.xcassets in Resources */,
			);
			runOnlyForDeploymentPostprocessing = 0;
		};
/* End PBXResourcesBuildPhase section */

/* Begin PBXSourcesBuildPhase section */
		292682E32657B0F2007665B8 /* Sources */ = {
			isa = PBXSourcesBuildPhase;
			buildActionMask = 2147483647;
			files = (
				29D69A94265959A7003AB930 /* ImageCache.swift in Sources */,
				292682EB2657B0F2007665B8 /* AppDelegate.swift in Sources */,
				29C528FB2657D379002F1FBB /* LoadingScreen.swift in Sources */,
				292682ED2657B0F2007665B8 /* SceneDelegate.swift in Sources */,
				29C528F42657BD63002F1FBB /* UserCard.swift in Sources */,
				29D69A90265943E6003AB930 /* UserDetailsController.swift in Sources */,
				29C528F72657CB71002F1FBB /* User.swift in Sources */,
				29C528FD2657D406002F1FBB /* ModalStatus.swift in Sources */,
				29D69A92265944A4003AB930 /* InfoContainer.swift in Sources */,
				292682FF2657B34E007665B8 /* HomeController.swift in Sources */,
				29C528F92657D2EE002F1FBB /* Helper.swift in Sources */,
			);
			runOnlyForDeploymentPostprocessing = 0;
		};
/* End PBXSourcesBuildPhase section */

/* Begin PBXVariantGroup section */
		292682F52657B0F3007665B8 /* LaunchScreen.storyboard */ = {
			isa = PBXVariantGroup;
			children = (
				292682F62657B0F3007665B8 /* Base */,
			);
			name = LaunchScreen.storyboard;
			sourceTree = "<group>";
		};
/* End PBXVariantGroup section */

/* Begin XCBuildConfiguration section */
		292682F92657B0F3007665B8 /* Debug */ = {
			isa = XCBuildConfiguration;
			buildSettings = {
				ALWAYS_SEARCH_USER_PATHS = NO;
				CLANG_ANALYZER_NONNULL = YES;
				CLANG_ANALYZER_NUMBER_OBJECT_CONVERSION = YES_AGGRESSIVE;
				CLANG_CXX_LANGUAGE_STANDARD = "gnu++14";
				CLANG_CXX_LIBRARY = "libc++";
				CLANG_ENABLE_MODULES = YES;
				CLANG_ENABLE_OBJC_ARC = YES;
				CLANG_ENABLE_OBJC_WEAK = YES;
				CLANG_WARN_BLOCK_CAPTURE_AUTORELEASING = YES;
				CLANG_WARN_BOOL_CONVERSION = YES;
				CLANG_WARN_COMMA = YES;
				CLANG_WARN_CONSTANT_CONVERSION = YES;
				CLANG_WARN_DEPRECATED_OBJC_IMPLEMENTATIONS = YES;
				CLANG_WARN_DIRECT_OBJC_ISA_USAGE = YES_ERROR;
				CLANG_WARN_DOCUMENTATION_COMMENTS = YES;
				CLANG_WARN_EMPTY_BODY = YES;
				CLANG_WARN_ENUM_CONVERSION = YES;
				CLANG_WARN_INFINITE_RECURSION = YES;
				CLANG_WARN_INT_CONVERSION = YES;
				CLANG_WARN_NON_LITERAL_NULL_CONVERSION = YES;
				CLANG_WARN_OBJC_IMPLICIT_RETAIN_SELF = YES;
				CLANG_WARN_OBJC_LITERAL_CONVERSION = YES;
				CLANG_WARN_OBJC_ROOT_CLASS = YES_ERROR;
				CLANG_WARN_QUOTED_INCLUDE_IN_FRAMEWORK_HEADER = YES;
				CLANG_WARN_RANGE_LOOP_ANALYSIS = YES;
				CLANG_WARN_STRICT_PROTOTYPES = YES;
				CLANG_WARN_SUSPICIOUS_MOVE = YES;
				CLANG_WARN_UNGUARDED_AVAILABILITY = YES_AGGRESSIVE;
				CLANG_WARN_UNREACHABLE_CODE = YES;
				CLANG_WARN__DUPLICATE_METHOD_MATCH = YES;
				COPY_PHASE_STRIP = NO;
				DEBUG_INFORMATION_FORMAT = dwarf;
				ENABLE_STRICT_OBJC_MSGSEND = YES;
				ENABLE_TESTABILITY = YES;
				GCC_C_LANGUAGE_STANDARD = gnu11;
				GCC_DYNAMIC_NO_PIC = NO;
				GCC_NO_COMMON_BLOCKS = YES;
				GCC_OPTIMIZATION_LEVEL = 0;
				GCC_PREPROCESSOR_DEFINITIONS = (
					"DEBUG=1",
					"$(inherited)",
				);
				GCC_WARN_64_TO_32_BIT_CONVERSION = YES;
				GCC_WARN_ABOUT_RETURN_TYPE = YES_ERROR;
				GCC_WARN_UNDECLARED_SELECTOR = YES;
				GCC_WARN_UNINITIALIZED_AUTOS = YES_AGGRESSIVE;
				GCC_WARN_UNUSED_FUNCTION = YES;
				GCC_WARN_UNUSED_VARIABLE = YES;
				IPHONEOS_DEPLOYMENT_TARGET = 14.5;
				MTL_ENABLE_DEBUG_INFO = INCLUDE_SOURCE;
				MTL_FAST_MATH = YES;
				ONLY_ACTIVE_ARCH = YES;
				SDKROOT = iphoneos;
				SWIFT_ACTIVE_COMPILATION_CONDITIONS = DEBUG;
				SWIFT_OPTIMIZATION_LEVEL = "-Onone";
			};
			name = Debug;
		};
		292682FA2657B0F3007665B8 /* Release */ = {
			isa = XCBuildConfiguration;
			buildSettings = {
				ALWAYS_SEARCH_USER_PATHS = NO;
				CLANG_ANALYZER_NONNULL = YES;
				CLANG_ANALYZER_NUMBER_OBJECT_CONVERSION = YES_AGGRESSIVE;
				CLANG_CXX_LANGUAGE_STANDARD = "gnu++14";
				CLANG_CXX_LIBRARY = "libc++";
				CLANG_ENABLE_MODULES = YES;
				CLANG_ENABLE_OBJC_ARC = YES;
				CLANG_ENABLE_OBJC_WEAK = YES;
				CLANG_WARN_BLOCK_CAPTURE_AUTORELEASING = YES;
				CLANG_WARN_BOOL_CONVERSION = YES;
				CLANG_WARN_COMMA = YES;
				CLANG_WARN_CONSTANT_CONVERSION = YES;
				CLANG_WARN_DEPRECATED_OBJC_IMPLEMENTATIONS = YES;
				CLANG_WARN_DIRECT_OBJC_ISA_USAGE = YES_ERROR;
				CLANG_WARN_DOCUMENTATION_COMMENTS = YES;
				CLANG_WARN_EMPTY_BODY = YES;
				CLANG_WARN_ENUM_CONVERSION = YES;
				CLANG_WARN_INFINITE_RECURSION = YES;
				CLANG_WARN_INT_CONVERSION = YES;
				CLANG_WARN_NON_LITERAL_NULL_CONVERSION = YES;
				CLANG_WARN_OBJC_IMPLICIT_RETAIN_SELF = YES;
				CLANG_WARN_OBJC_LITERAL_CONVERSION = YES;
				CLANG_WARN_OBJC_ROOT_CLASS = YES_ERROR;
				CLANG_WARN_QUOTED_INCLUDE_IN_FRAMEWORK_HEADER = YES;
				CLANG_WARN_RANGE_LOOP_ANALYSIS = YES;
				CLANG_WARN_STRICT_PROTOTYPES = YES;
				CLANG_WARN_SUSPICIOUS_MOVE = YES;
				CLANG_WARN_UNGUARDED_AVAILABILITY = YES_AGGRESSIVE;
				CLANG_WARN_UNREACHABLE_CODE = YES;
				CLANG_WARN__DUPLICATE_METHOD_MATCH = YES;
				COPY_PHASE_STRIP = NO;
				DEBUG_INFORMATION_FORMAT = "dwarf-with-dsym";
				ENABLE_NS_ASSERTIONS = NO;
				ENABLE_STRICT_OBJC_MSGSEND = YES;
				GCC_C_LANGUAGE_STANDARD = gnu11;
				GCC_NO_COMMON_BLOCKS = YES;
				GCC_WARN_64_TO_32_BIT_CONVERSION = YES;
				GCC_WARN_ABOUT_RETURN_TYPE = YES_ERROR;
				GCC_WARN_UNDECLARED_SELECTOR = YES;
				GCC_WARN_UNINITIALIZED_AUTOS = YES_AGGRESSIVE;
				GCC_WARN_UNUSED_FUNCTION = YES;
				GCC_WARN_UNUSED_VARIABLE = YES;
				IPHONEOS_DEPLOYMENT_TARGET = 14.5;
				MTL_ENABLE_DEBUG_INFO = NO;
				MTL_FAST_MATH = YES;
				SDKROOT = iphoneos;
				SWIFT_COMPILATION_MODE = wholemodule;
				SWIFT_OPTIMIZATION_LEVEL = "-O";
				VALIDATE_PRODUCT = YES;
			};
			name = Release;
		};
		292682FC2657B0F3007665B8 /* Debug */ = {
			isa = XCBuildConfiguration;
			buildSettings = {
				ASSETCATALOG_COMPILER_APPICON_NAME = AppIcon;
				ASSETCATALOG_COMPILER_GLOBAL_ACCENT_COLOR_NAME = AccentColor;
				CODE_SIGN_STYLE = Automatic;
				DEVELOPMENT_TEAM = TWC826K769;
				INFOPLIST_FILE = FriendsApp/Info.plist;
				LD_RUNPATH_SEARCH_PATHS = (
					"$(inherited)",
					"@executable_path/Frameworks",
				);
				PRODUCT_BUNDLE_IDENTIFIER = com.jhpolash.FriendsApp;
				PRODUCT_NAME = "$(TARGET_NAME)";
				SWIFT_VERSION = 5.0;
				TARGETED_DEVICE_FAMILY = 2;
			};
			name = Debug;
		};
		292682FD2657B0F3007665B8 /* Release */ = {
			isa = XCBuildConfiguration;
			buildSettings = {
				ASSETCATALOG_COMPILER_APPICON_NAME = AppIcon;
				ASSETCATALOG_COMPILER_GLOBAL_ACCENT_COLOR_NAME = AccentColor;
				CODE_SIGN_STYLE = Automatic;
				DEVELOPMENT_TEAM = TWC826K769;
				INFOPLIST_FILE = FriendsApp/Info.plist;
				LD_RUNPATH_SEARCH_PATHS = (
					"$(inherited)",
					"@executable_path/Frameworks",
				);
				PRODUCT_BUNDLE_IDENTIFIER = com.jhpolash.FriendsApp;
				PRODUCT_NAME = "$(TARGET_NAME)";
				SWIFT_VERSION = 5.0;
				TARGETED_DEVICE_FAMILY = 2;
			};
			name = Release;
		};
/* End XCBuildConfiguration section */

/* Begin XCConfigurationList section */
		292682E22657B0F2007665B8 /* Build configuration list for PBXProject "FriendsApp" */ = {
			isa = XCConfigurationList;
			buildConfigurations = (
				292682F92657B0F3007665B8 /* Debug */,
				292682FA2657B0F3007665B8 /* Release */,
			);
			defaultConfigurationIsVisible = 0;
			defaultConfigurationName = Release;
		};
		292682FB2657B0F3007665B8 /* Build configuration list for PBXNativeTarget "FriendsApp" */ = {
			isa = XCConfigurationList;
			buildConfigurations = (
				292682FC2657B0F3007665B8 /* Debug */,
				292682FD2657B0F3007665B8 /* Release */,
			);
			defaultConfigurationIsVisible = 0;
			defaultConfigurationName = Release;
		};
/* End XCConfigurationList section */
	};
	rootObject = 292682DF2657B0F2007665B8 /* Project object */;
}
